// !$*UTF8*$!
{
	archiveVersion = 1;
	classes = {
	};
	objectVersion = 55;
	objects = {

/* Begin PBXBuildFile section */
		8ED646A429753D50008CB2F9 /* AppDelegate.swift in Sources */ = {isa = PBXBuildFile; fileRef = 8ED646A329753D50008CB2F9 /* AppDelegate.swift */; };
		8ED646A629753D50008CB2F9 /* SceneDelegate.swift in Sources */ = {isa = PBXBuildFile; fileRef = 8ED646A529753D50008CB2F9 /* SceneDelegate.swift */; };
		8ED646A829753D50008CB2F9 /* ViewController.swift in Sources */ = {isa = PBXBuildFile; fileRef = 8ED646A729753D50008CB2F9 /* ViewController.swift */; };
		8ED646AB29753D50008CB2F9 /* Main.storyboard in Resources */ = {isa = PBXBuildFile; fileRef = 8ED646A929753D50008CB2F9 /* Main.storyboard */; };
		8ED646AD29753D52008CB2F9 /* Assets.xcassets in Resources */ = {isa = PBXBuildFile; fileRef = 8ED646AC29753D52008CB2F9 /* Assets.xcassets */; };
		8ED646B029753D52008CB2F9 /* LaunchScreen.storyboard in Resources */ = {isa = PBXBuildFile; fileRef = 8ED646AE29753D52008CB2F9 /* LaunchScreen.storyboard */; };
		8ED646BC297540C7008CB2F9 /* secondViewController.swift in Sources */ = {isa = PBXBuildFile; fileRef = 8ED646BB297540C7008CB2F9 /* secondViewController.swift */; };
		8ED646BE297540D8008CB2F9 /* thirdViewController.swift in Sources */ = {isa = PBXBuildFile; fileRef = 8ED646BD297540D8008CB2F9 /* thirdViewController.swift */; };
/* End PBXBuildFile section */

/* Begin PBXFileReference section */
		8ED646A029753D50008CB2F9 /* testNavigation.app */ = {isa = PBXFileReference; explicitFileType = wrapper.application; includeInIndex = 0; path = testNavigation.app; sourceTree = BUILT_PRODUCTS_DIR; };
		8ED646A329753D50008CB2F9 /* AppDelegate.swift */ = {isa = PBXFileReference; lastKnownFileType = sourcecode.swift; path = AppDelegate.swift; sourceTree = "<group>"; };
		8ED646A529753D50008CB2F9 /* SceneDelegate.swift */ = {isa = PBXFileReference; lastKnownFileType = sourcecode.swift; path = SceneDelegate.swift; sourceTree = "<group>"; };
		8ED646A729753D50008CB2F9 /* ViewController.swift */ = {isa = PBXFileReference; lastKnownFileType = sourcecode.swift; path = ViewController.swift; sourceTree = "<group>"; };
		8ED646AA29753D50008CB2F9 /* Base */ = {isa = PBXFileReference; lastKnownFileType = file.storyboard; name = Base; path = Base.lproj/Main.storyboard; sourceTree = "<group>"; };
		8ED646AC29753D52008CB2F9 /* Assets.xcassets */ = {isa = PBXFileReference; lastKnownFileType = folder.assetcatalog; path = Assets.xcassets; sourceTree = "<group>"; };
		8ED646AF29753D52008CB2F9 /* Base */ = {isa = PBXFileReference; lastKnownFileType = file.storyboard; name = Base; path = Base.lproj/LaunchScreen.storyboard; sourceTree = "<group>"; };
		8ED646B129753D52008CB2F9 /* Info.plist */ = {isa = PBXFileReference; lastKnownFileType = text.plist.xml; path = Info.plist; sourceTree = "<group>"; };
		8ED646BB297540C7008CB2F9 /* secondViewController.swift */ = {isa = PBXFileReference; lastKnownFileType = sourcecode.swift; path = secondViewController.swift; sourceTree = "<group>"; };
		8ED646BD297540D8008CB2F9 /* thirdViewController.swift */ = {isa = PBXFileReference; lastKnownFileType = sourcecode.swift; path = thirdViewController.swift; sourceTree = "<group>"; };
/* End PBXFileReference section */

/* Begin PBXFrameworksBuildPhase section */
		8ED6469D29753D50008CB2F9 /* Frameworks */ = {
			isa = PBXFrameworksBuildPhase;
			buildActionMask = 2147483647;
			files = (
			);
			runOnlyForDeploymentPostprocessing = 0;
		};
/* End PBXFrameworksBuildPhase section */

/* Begin PBXGroup section */
		8ED6469729753D50008CB2F9 = {
			isa = PBXGroup;
			children = (
				8ED646A229753D50008CB2F9 /* testNavigation */,
				8ED646A129753D50008CB2F9 /* Products */,
			);
			sourceTree = "<group>";
		};
		8ED646A129753D50008CB2F9 /* Products */ = {
			isa = PBXGroup;
			children = (
				8ED646A029753D50008CB2F9 /* testNavigation.app */,
			);
			name = Products;
			sourceTree = "<group>";
		};
		8ED646A229753D50008CB2F9 /* testNavigation */ = {
			isa = PBXGroup;
			children = (
				8ED646B829753D66008CB2F9 /* AppDelegate */,
				8ED646BA29753D7D008CB2F9 /* Model */,
				8ED646B929753D72008CB2F9 /* View */,
				8ED646B729753D5E008CB2F9 /* Controller */,
				8ED646AC29753D52008CB2F9 /* Assets.xcassets */,
				8ED646AE29753D52008CB2F9 /* LaunchScreen.storyboard */,
				8ED646B129753D52008CB2F9 /* Info.plist */,
			);
			path = testNavigation;
			sourceTree = "<group>";
		};
		8ED646B729753D5E008CB2F9 /* Controller */ = {
			isa = PBXGroup;
			children = (
				8ED646A729753D50008CB2F9 /* ViewController.swift */,
				8ED646BB297540C7008CB2F9 /* secondViewController.swift */,
				8ED646BD297540D8008CB2F9 /* thirdViewController.swift */,
			);
			path = Controller;
			sourceTree = "<group>";
		};
		8ED646B829753D66008CB2F9 /* AppDelegate */ = {
			isa = PBXGroup;
			children = (
				8ED646A329753D50008CB2F9 /* AppDelegate.swift */,
				8ED646A529753D50008CB2F9 /* SceneDelegate.swift */,
			);
			path = AppDelegate;
			sourceTree = "<group>";
		};
		8ED646B929753D72008CB2F9 /* View */ = {
			isa = PBXGroup;
			children = (
				8ED646A929753D50008CB2F9 /* Main.storyboard */,
			);
			path = View;
			sourceTree = "<group>";
		};
		8ED646BA29753D7D008CB2F9 /* Model */ = {
			isa = PBXGroup;
			children = (
			);
			path = Model;
			sourceTree = "<group>";
		};
/* End PBXGroup section */

/* Begin PBXNativeTarget section */
		8ED6469F29753D50008CB2F9 /* testNavigation */ = {
			isa = PBXNativeTarget;
			buildConfigurationList = 8ED646B429753D52008CB2F9 /* Build configuration list for PBXNativeTarget "testNavigation" */;
			buildPhases = (
				8ED6469C29753D50008CB2F9 /* Sources */,
				8ED6469D29753D50008CB2F9 /* Frameworks */,
				8ED6469E29753D50008CB2F9 /* Resources */,
			);
			buildRules = (
			);
			dependencies = (
			);
			name = testNavigation;
			productName = testNavigation;
			productReference = 8ED646A029753D50008CB2F9 /* testNavigation.app */;
			productType = "com.apple.product-type.application";
		};
/* End PBXNativeTarget section */

/* Begin PBXProject section */
		8ED6469829753D50008CB2F9 /* Project object */ = {
			isa = PBXProject;
			attributes = {
				BuildIndependentTargetsInParallel = 1;
				LastSwiftUpdateCheck = 1340;
				LastUpgradeCheck = 1340;
				TargetAttributes = {
					8ED6469F29753D50008CB2F9 = {
						CreatedOnToolsVersion = 13.4.1;
					};
				};
			};
			buildConfigurationList = 8ED6469B29753D50008CB2F9 /* Build configuration list for PBXProject "testNavigation" */;
			compatibilityVersion = "Xcode 13.0";
			developmentRegion = en;
			hasScannedForEncodings = 0;
			knownRegions = (
				en,
				Base,
			);
			mainGroup = 8ED6469729753D50008CB2F9;
			productRefGroup = 8ED646A129753D50008CB2F9 /* Products */;
			projectDirPath = "";
			projectRoot = "";
			targets = (
				8ED6469F29753D50008CB2F9 /* testNavigation */,
			);
		};
/* End PBXProject section */

/* Begin PBXResourcesBuildPhase section */
		8ED6469E29753D50008CB2F9 /* Resources */ = {
			isa = PBXResourcesBuildPhase;
			buildActionMask = 2147483647;
			files = (
				8ED646B029753D52008CB2F9 /* LaunchScreen.storyboard in Resources */,
				8ED646AD29753D52008CB2F9 /* Assets.xcassets in Resources */,
				8ED646AB29753D50008CB2F9 /* Main.storyboard in Resources */,
			);
			runOnlyForDeploymentPostprocessing = 0;
		};
/* End PBXResourcesBuildPhase section */

/* Begin PBXSourcesBuildPhase section */
		8ED6469C29753D50008CB2F9 /* Sources */ = {
			isa = PBXSourcesBuildPhase;
			buildActionMask = 2147483647;
			files = (
				8ED646BC297540C7008CB2F9 /* secondViewController.swift in Sources */,
				8ED646A829753D50008CB2F9 /* ViewController.swift in Sources */,
				8ED646BE297540D8008CB2F9 /* thirdViewController.swift in Sources */,
				8ED646A429753D50008CB2F9 /* AppDelegate.swift in Sources */,
				8ED646A629753D50008CB2F9 /* SceneDelegate.swift in Sources */,
			);
			runOnlyForDeploymentPostprocessing = 0;
		};
/* End PBXSourcesBuildPhase section */

/* Begin PBXVariantGroup section */
		8ED646A929753D50008CB2F9 /* Main.storyboard */ = {
			isa = PBXVariantGroup;
			children = (
				8ED646AA29753D50008CB2F9 /* Base */,
			);
			name = Main.storyboard;
			sourceTree = "<group>";
		};
		8ED646AE29753D52008CB2F9 /* LaunchScreen.storyboard */ = {
			isa = PBXVariantGroup;
			children = (
				8ED646AF29753D52008CB2F9 /* Base */,
			);
			name = LaunchScreen.storyboard;
			sourceTree = "<group>";
		};
/* End PBXVariantGroup section */

/* Begin XCBuildConfiguration section */
		8ED646B229753D52008CB2F9 /* Debug */ = {
			isa = XCBuildConfiguration;
			buildSettings = {
				ALWAYS_SEARCH_USER_PATHS = NO;
				CLANG_ANALYZER_NONNULL = YES;
				CLANG_ANALYZER_NUMBER_OBJECT_CONVERSION = YES_AGGRESSIVE;
				CLANG_CXX_LANGUAGE_STANDARD = "gnu++17";
				CLANG_ENABLE_MODULES = YES;
				CLANG_ENABLE_OBJC_ARC = YES;
				CLANG_ENABLE_OBJC_WEAK = YES;
				CLANG_WARN_BLOCK_CAPTURE_AUTORELEASING = YES;
				CLANG_WARN_BOOL_CONVERSION = YES;
				CLANG_WARN_COMMA = YES;
				CLANG_WARN_CONSTANT_CONVERSION = YES;
				CLANG_WARN_DEPRECATED_OBJC_IMPLEMENTATIONS = YES;
				CLANG_WARN_DIRECT_OBJC_ISA_USAGE = YES_ERROR;
				CLANG_WARN_DOCUMENTATION_COMMENTS = YES;
				CLANG_WARN_EMPTY_BODY = YES;
				CLANG_WARN_ENUM_CONVERSION = YES;
				CLANG_WARN_INFINITE_RECURSION = YES;
				CLANG_WARN_INT_CONVERSION = YES;
				CLANG_WARN_NON_LITERAL_NULL_CONVERSION = YES;
				CLANG_WARN_OBJC_IMPLICIT_RETAIN_SELF = YES;
				CLANG_WARN_OBJC_LITERAL_CONVERSION = YES;
				CLANG_WARN_OBJC_ROOT_CLASS = YES_ERROR;
				CLANG_WARN_QUOTED_INCLUDE_IN_FRAMEWORK_HEADER = YES;
				CLANG_WARN_RANGE_LOOP_ANALYSIS = YES;
				CLANG_WARN_STRICT_PROTOTYPES = YES;
				CLANG_WARN_SUSPICIOUS_MOVE = YES;
				CLANG_WARN_UNGUARDED_AVAILABILITY = YES_AGGRESSIVE;
				CLANG_WARN_UNREACHABLE_CODE = YES;
				CLANG_WARN__DUPLICATE_METHOD_MATCH = YES;
				COPY_PHASE_STRIP = NO;
				DEBUG_INFORMATION_FORMAT = dwarf;
				ENABLE_STRICT_OBJC_MSGSEND = YES;
				ENABLE_TESTABILITY = YES;
				GCC_C_LANGUAGE_STANDARD = gnu11;
				GCC_DYNAMIC_NO_PIC = NO;
				GCC_NO_COMMON_BLOCKS = YES;
				GCC_OPTIMIZATION_LEVEL = 0;
				GCC_PREPROCESSOR_DEFINITIONS = (
					"DEBUG=1",
					"$(inherited)",
				);
				GCC_WARN_64_TO_32_BIT_CONVERSION = YES;
				GCC_WARN_ABOUT_RETURN_TYPE = YES_ERROR;
				GCC_WARN_UNDECLARED_SELECTOR = YES;
				GCC_WARN_UNINITIALIZED_AUTOS = YES_AGGRESSIVE;
				GCC_WARN_UNUSED_FUNCTION = YES;
				GCC_WARN_UNUSED_VARIABLE = YES;
				IPHONEOS_DEPLOYMENT_TARGET = 15.5;
				MTL_ENABLE_DEBUG_INFO = INCLUDE_SOURCE;
				MTL_FAST_MATH = YES;
				ONLY_ACTIVE_ARCH = YES;
				SDKROOT = iphoneos;
				SWIFT_ACTIVE_COMPILATION_CONDITIONS = DEBUG;
				SWIFT_OPTIMIZATION_LEVEL = "-Onone";
			};
			name = Debug;
		};
		8ED646B329753D52008CB2F9 /* Release */ = {
			isa = XCBuildConfiguration;
			buildSettings = {
				ALWAYS_SEARCH_USER_PATHS = NO;
				CLANG_ANALYZER_NONNULL = YES;
				CLANG_ANALYZER_NUMBER_OBJECT_CONVERSION = YES_AGGRESSIVE;
				CLANG_CXX_LANGUAGE_STANDARD = "gnu++17";
				CLANG_ENABLE_MODULES = YES;
				CLANG_ENABLE_OBJC_ARC = YES;
				CLANG_ENABLE_OBJC_WEAK = YES;
				CLANG_WARN_BLOCK_CAPTURE_AUTORELEASING = YES;
				CLANG_WARN_BOOL_CONVERSION = YES;
				CLANG_WARN_COMMA = YES;
				CLANG_WARN_CONSTANT_CONVERSION = YES;
				CLANG_WARN_DEPRECATED_OBJC_IMPLEMENTATIONS = YES;
				CLANG_WARN_DIRECT_OBJC_ISA_USAGE = YES_ERROR;
				CLANG_WARN_DOCUMENTATION_COMMENTS = YES;
				CLANG_WARN_EMPTY_BODY = YES;
				CLANG_WARN_ENUM_CONVERSION = YES;
				CLANG_WARN_INFINITE_RECURSION = YES;
				CLANG_WARN_INT_CONVERSION = YES;
				CLANG_WARN_NON_LITERAL_NULL_CONVERSION = YES;
				CLANG_WARN_OBJC_IMPLICIT_RETAIN_SELF = YES;
				CLANG_WARN_OBJC_LITERAL_CONVERSION = YES;
				CLANG_WARN_OBJC_ROOT_CLASS = YES_ERROR;
				CLANG_WARN_QUOTED_INCLUDE_IN_FRAMEWORK_HEADER = YES;
				CLANG_WARN_RANGE_LOOP_ANALYSIS = YES;
				CLANG_WARN_STRICT_PROTOTYPES = YES;
				CLANG_WARN_SUSPICIOUS_MOVE = YES;
				CLANG_WARN_UNGUARDED_AVAILABILITY = YES_AGGRESSIVE;
				CLANG_WARN_UNREACHABLE_CODE = YES;
				CLANG_WARN__DUPLICATE_METHOD_MATCH = YES;
				COPY_PHASE_STRIP = NO;
				DEBUG_INFORMATION_FORMAT = "dwarf-with-dsym";
				ENABLE_NS_ASSERTIONS = NO;
				ENABLE_STRICT_OBJC_MSGSEND = YES;
				GCC_C_LANGUAGE_STANDARD = gnu11;
				GCC_NO_COMMON_BLOCKS = YES;
				GCC_WARN_64_TO_32_BIT_CONVERSION = YES;
				GCC_WARN_ABOUT_RETURN_TYPE = YES_ERROR;
				GCC_WARN_UNDECLARED_SELECTOR = YES;
				GCC_WARN_UNINITIALIZED_AUTOS = YES_AGGRESSIVE;
				GCC_WARN_UNUSED_FUNCTION = YES;
				GCC_WARN_UNUSED_VARIABLE = YES;
				IPHONEOS_DEPLOYMENT_TARGET = 15.5;
				MTL_ENABLE_DEBUG_INFO = NO;
				MTL_FAST_MATH = YES;
				SDKROOT = iphoneos;
				SWIFT_COMPILATION_MODE = wholemodule;
				SWIFT_OPTIMIZATION_LEVEL = "-O";
				VALIDATE_PRODUCT = YES;
			};
			name = Release;
		};
		8ED646B529753D52008CB2F9 /* Debug */ = {
			isa = XCBuildConfiguration;
			buildSettings = {
				ASSETCATALOG_COMPILER_APPICON_NAME = AppIcon;
				ASSETCATALOG_COMPILER_GLOBAL_ACCENT_COLOR_NAME = AccentColor;
				CODE_SIGN_STYLE = Automatic;
				CURRENT_PROJECT_VERSION = 1;
				GENERATE_INFOPLIST_FILE = YES;
				INFOPLIST_FILE = testNavigation/Info.plist;
				INFOPLIST_KEY_UIApplicationSupportsIndirectInputEvents = YES;
				INFOPLIST_KEY_UILaunchStoryboardName = LaunchScreen;
				INFOPLIST_KEY_UIMainStoryboardFile = Main;
				INFOPLIST_KEY_UISupportedInterfaceOrientations_iPad = "UIInterfaceOrientationPortrait UIInterfaceOrientationPortraitUpsideDown UIInterfaceOrientationLandscapeLeft UIInterfaceOrientationLandscapeRight";
				INFOPLIST_KEY_UISupportedInterfaceOrientations_iPhone = "UIInterfaceOrientationPortrait UIInterfaceOrientationLandscapeLeft UIInterfaceOrientationLandscapeRight";
				LD_RUNPATH_SEARCH_PATHS = (
					"$(inherited)",
					"@executable_path/Frameworks",
				);
				MARKETING_VERSION = 1.0;
				PRODUCT_BUNDLE_IDENTIFIER = com.hiimzito.testNavigation;
				PRODUCT_NAME = "$(TARGET_NAME)";
				SWIFT_EMIT_LOC_STRINGS = YES;
				SWIFT_VERSION = 5.0;
				TARGETED_DEVICE_FAMILY = "1,2";
			};
			name = Debug;
		};
		8ED646B629753D52008CB2F9 /* Release */ = {
			isa = XCBuildConfiguration;
			buildSettings = {
				ASSETCATALOG_COMPILER_APPICON_NAME = AppIcon;
				ASSETCATALOG_COMPILER_GLOBAL_ACCENT_COLOR_NAME = AccentColor;
				CODE_SIGN_STYLE = Automatic;
				CURRENT_PROJECT_VERSION = 1;
				GENERATE_INFOPLIST_FILE = YES;
				INFOPLIST_FILE = testNavigation/Info.plist;
				INFOPLIST_KEY_UIApplicationSupportsIndirectInputEvents = YES;
				INFOPLIST_KEY_UILaunchStoryboardName = LaunchScreen;
				INFOPLIST_KEY_UIMainStoryboardFile = Main;
				INFOPLIST_KEY_UISupportedInterfaceOrientations_iPad = "UIInterfaceOrientationPortrait UIInterfaceOrientationPortraitUpsideDown UIInterfaceOrientationLandscapeLeft UIInterfaceOrientationLandscapeRight";
				INFOPLIST_KEY_UISupportedInterfaceOrientations_iPhone = "UIInterfaceOrientationPortrait UIInterfaceOrientationLandscapeLeft UIInterfaceOrientationLandscapeRight";
				LD_RUNPATH_SEARCH_PATHS = (
					"$(inherited)",
					"@executable_path/Frameworks",
				);
				MARKETING_VERSION = 1.0;
				PRODUCT_BUNDLE_IDENTIFIER = com.hiimzito.testNavigation;
				PRODUCT_NAME = "$(TARGET_NAME)";
				SWIFT_EMIT_LOC_STRINGS = YES;
				SWIFT_VERSION = 5.0;
				TARGETED_DEVICE_FAMILY = "1,2";
			};
			name = Release;
		};
/* End XCBuildConfiguration section */

/* Begin XCConfigurationList section */
		8ED6469B29753D50008CB2F9 /* Build configuration list for PBXProject "testNavigation" */ = {
			isa = XCConfigurationList;
			buildConfigurations = (
				8ED646B229753D52008CB2F9 /* Debug */,
				8ED646B329753D52008CB2F9 /* Release */,
			);
			defaultConfigurationIsVisible = 0;
			defaultConfigurationName = Release;
		};
		8ED646B429753D52008CB2F9 /* Build configuration list for PBXNativeTarget "testNavigation" */ = {
			isa = XCConfigurationList;
			buildConfigurations = (
				8ED646B529753D52008CB2F9 /* Debug */,
				8ED646B629753D52008CB2F9 /* Release */,
			);
			defaultConfigurationIsVisible = 0;
			defaultConfigurationName = Release;
		};
/* End XCConfigurationList section */
	};
	rootObject = 8ED6469829753D50008CB2F9 /* Project object */;
}
